{
  "originHash" : "0ab54287f1cd4c05b9c96a0d5d6983c51a2cd852397abaf184e68ec09ccacadc",
  "pins" : [
    {
      "identity" : "cmd-arg-lib",
      "kind" : "remoteSourceControl",
      "location" : "https://github.com/ouser4629/cmd-arg-lib.git",
      "state" : {
        "revision" : "ddcf00ac236542fe3b85ae2ec614fd4bbe82cd98",
        "version" : "0.4.3"
      }
    },
    {
      "identity" : "swift-syntax",
      "kind" : "remoteSourceControl",
      "location" : "https://github.com/swiftlang/swift-syntax.git",
      "state" : {
        "revision" : "4799286537280063c85a32f09884cfbca301b1a1",
        "version" : "602.0.0"
      }
    }
  ],
  "version" : 3
}
